
Microsoft Visual Studio Solution File, Format Version 12.00
# Visual Studio Version 17
VisualStudioVersion = 17.14.36310.24 d17.14
MinimumVisualStudioVersion = 10.0.40219.1
Project("{FAE04EC0-301F-11D3-BF4B-00C04F79EFBC}") = "TodoListApi", "TodoListApi\TodoListApi.csproj", "{6CC5E88C-4825-45E2-A9D8-0AE8BF5CDDB1}"
EndProject
Global
	GlobalSection(SolutionConfigurationPlatforms) = preSolution
		Debug|Any CPU = Debug|Any CPU
		Release|Any CPU = Release|Any CPU
	EndGlobalSection
	GlobalSection(ProjectConfigurationPlatforms) = postSolution
		{6CC5E88C-4825-45E2-A9D8-0AE8BF5CDDB1}.Debug|Any CPU.ActiveCfg = Debug|Any CPU
		{6CC5E88C-4825-45E2-A9D8-0AE8BF5CDDB1}.Debug|Any CPU.Build.0 = Debug|Any CPU
		{6CC5E88C-4825-45E2-A9D8-0AE8BF5CDDB1}.Release|Any CPU.ActiveCfg = Release|Any CPU
		{6CC5E88C-4825-45E2-A9D8-0AE8BF5CDDB1}.Release|Any CPU.Build.0 = Release|Any CPU
	EndGlobalSection
	GlobalSection(SolutionProperties) = preSolution
		HideSolutionNode = FALSE
	EndGlobalSection
	GlobalSection(ExtensibilityGlobals) = postSolution
		SolutionGuid = {FBF5EDD2-0B42-4E8B-B02E-8952EA96A7B2}
	EndGlobalSection
EndGlobal
